
Microsoft Visual Studio Solution File, Format Version 12.00
# Visual Studio Version 17
VisualStudioVersion = 17.3.32901.215
MinimumVisualStudioVersion = 10.0.40219.1
Project("{2150E333-8FDC-42A3-9474-1A3956D46DE8}") = "UI", "UI", "{E3861DB7-EE09-4D1B-AB68-C38FF21B5A9E}"
EndProject
Project("{2150E333-8FDC-42A3-9474-1A3956D46DE8}") = "Infrastructure", "Infrastructure", "{D5D6D86C-064C-40DB-8F71-9640CD2E067D}"
EndProject
Project("{9A19103F-16F7-4668-BE54-9A1E7A4F7556}") = "Infrastructure", "Infrastructure\Infrastructure.csproj", "{233B3DF4-A128-47B4-898C-AFBD7A393DB6}"
EndProject
Project("{2150E333-8FDC-42A3-9474-1A3956D46DE8}") = "Core", "Core", "{9B7B872A-1A69-4571-8916-17000421915B}"
EndProject
Project("{9A19103F-16F7-4668-BE54-9A1E7A4F7556}") = "Core.Domain", "Core.Domain\Core.Domain.csproj", "{FE2E7986-0F23-4062-8F5B-24C261B08DD2}"
EndProject
Project("{9A19103F-16F7-4668-BE54-9A1E7A4F7556}") = "Core.DomainServices", "Core.DomainServices\Core.DomainServices.csproj", "{95C38ADB-3AE8-4719-8EE5-437EAC5304BE}"
EndProject
Project("{9A19103F-16F7-4668-BE54-9A1E7A4F7556}") = "Core.DomainServices.Tests", "Core.DomainServices.Tests\Core.DomainServices.Tests.csproj", "{EEAB58B0-FC22-4EB1-8685-9162E24101C0}"
EndProject
Project("{9A19103F-16F7-4668-BE54-9A1E7A4F7556}") = "Portal", "Portal\Portal.csproj", "{947A55C1-9FCF-4907-AF65-2BE92931FB74}"
EndProject
Project("{9A19103F-16F7-4668-BE54-9A1E7A4F7556}") = "WebApi", "WebApi\WebApi.csproj", "{92A7EEC5-9145-43ED-99D7-2A526B984942}"
EndProject
Project("{9A19103F-16F7-4668-BE54-9A1E7A4F7556}") = "Core.Domain.Tests", "Core.Domain.Tests\Core.Domain.Tests.csproj", "{09320431-ED21-4C74-AD3F-9F6EC1F0F0D5}"
EndProject
Project("{FAE04EC0-301F-11D3-BF4B-00C04F79EFBC}") = "Portal.Tests", "Portal.Tests\Portal.Tests.csproj", "{80299C84-9193-4542-90AC-8DDBB6BBC57F}"
EndProject
Global
	GlobalSection(SolutionConfigurationPlatforms) = preSolution
		Debug|Any CPU = Debug|Any CPU
		Release|Any CPU = Release|Any CPU
	EndGlobalSection
	GlobalSection(ProjectConfigurationPlatforms) = postSolution
		{233B3DF4-A128-47B4-898C-AFBD7A393DB6}.Debug|Any CPU.ActiveCfg = Debug|Any CPU
		{233B3DF4-A128-47B4-898C-AFBD7A393DB6}.Debug|Any CPU.Build.0 = Debug|Any CPU
		{233B3DF4-A128-47B4-898C-AFBD7A393DB6}.Release|Any CPU.ActiveCfg = Release|Any CPU
		{233B3DF4-A128-47B4-898C-AFBD7A393DB6}.Release|Any CPU.Build.0 = Release|Any CPU
		{FE2E7986-0F23-4062-8F5B-24C261B08DD2}.Debug|Any CPU.ActiveCfg = Debug|Any CPU
		{FE2E7986-0F23-4062-8F5B-24C261B08DD2}.Debug|Any CPU.Build.0 = Debug|Any CPU
		{FE2E7986-0F23-4062-8F5B-24C261B08DD2}.Release|Any CPU.ActiveCfg = Release|Any CPU
		{FE2E7986-0F23-4062-8F5B-24C261B08DD2}.Release|Any CPU.Build.0 = Release|Any CPU
		{95C38ADB-3AE8-4719-8EE5-437EAC5304BE}.Debug|Any CPU.ActiveCfg = Debug|Any CPU
		{95C38ADB-3AE8-4719-8EE5-437EAC5304BE}.Debug|Any CPU.Build.0 = Debug|Any CPU
		{95C38ADB-3AE8-4719-8EE5-437EAC5304BE}.Release|Any CPU.ActiveCfg = Release|Any CPU
		{95C38ADB-3AE8-4719-8EE5-437EAC5304BE}.Release|Any CPU.Build.0 = Release|Any CPU
		{EEAB58B0-FC22-4EB1-8685-9162E24101C0}.Debug|Any CPU.ActiveCfg = Debug|Any CPU
		{EEAB58B0-FC22-4EB1-8685-9162E24101C0}.Debug|Any CPU.Build.0 = Debug|Any CPU
		{EEAB58B0-FC22-4EB1-8685-9162E24101C0}.Release|Any CPU.ActiveCfg = Release|Any CPU
		{EEAB58B0-FC22-4EB1-8685-9162E24101C0}.Release|Any CPU.Build.0 = Release|Any CPU
		{947A55C1-9FCF-4907-AF65-2BE92931FB74}.Debug|Any CPU.ActiveCfg = Debug|Any CPU
		{947A55C1-9FCF-4907-AF65-2BE92931FB74}.Debug|Any CPU.Build.0 = Debug|Any CPU
		{947A55C1-9FCF-4907-AF65-2BE92931FB74}.Release|Any CPU.ActiveCfg = Release|Any CPU
		{947A55C1-9FCF-4907-AF65-2BE92931FB74}.Release|Any CPU.Build.0 = Release|Any CPU
		{92A7EEC5-9145-43ED-99D7-2A526B984942}.Debug|Any CPU.ActiveCfg = Debug|Any CPU
		{92A7EEC5-9145-43ED-99D7-2A526B984942}.Debug|Any CPU.Build.0 = Debug|Any CPU
		{92A7EEC5-9145-43ED-99D7-2A526B984942}.Release|Any CPU.ActiveCfg = Release|Any CPU
		{92A7EEC5-9145-43ED-99D7-2A526B984942}.Release|Any CPU.Build.0 = Release|Any CPU
		{09320431-ED21-4C74-AD3F-9F6EC1F0F0D5}.Debug|Any CPU.ActiveCfg = Debug|Any CPU
		{09320431-ED21-4C74-AD3F-9F6EC1F0F0D5}.Debug|Any CPU.Build.0 = Debug|Any CPU
		{09320431-ED21-4C74-AD3F-9F6EC1F0F0D5}.Release|Any CPU.ActiveCfg = Release|Any CPU
		{09320431-ED21-4C74-AD3F-9F6EC1F0F0D5}.Release|Any CPU.Build.0 = Release|Any CPU
		{80299C84-9193-4542-90AC-8DDBB6BBC57F}.Debug|Any CPU.ActiveCfg = Debug|Any CPU
		{80299C84-9193-4542-90AC-8DDBB6BBC57F}.Debug|Any CPU.Build.0 = Debug|Any CPU
		{80299C84-9193-4542-90AC-8DDBB6BBC57F}.Release|Any CPU.ActiveCfg = Release|Any CPU
		{80299C84-9193-4542-90AC-8DDBB6BBC57F}.Release|Any CPU.Build.0 = Release|Any CPU
	EndGlobalSection
	GlobalSection(SolutionProperties) = preSolution
		HideSolutionNode = FALSE
	EndGlobalSection
	GlobalSection(NestedProjects) = preSolution
		{233B3DF4-A128-47B4-898C-AFBD7A393DB6} = {D5D6D86C-064C-40DB-8F71-9640CD2E067D}
		{FE2E7986-0F23-4062-8F5B-24C261B08DD2} = {9B7B872A-1A69-4571-8916-17000421915B}
		{95C38ADB-3AE8-4719-8EE5-437EAC5304BE} = {9B7B872A-1A69-4571-8916-17000421915B}
		{EEAB58B0-FC22-4EB1-8685-9162E24101C0} = {9B7B872A-1A69-4571-8916-17000421915B}
		{947A55C1-9FCF-4907-AF65-2BE92931FB74} = {E3861DB7-EE09-4D1B-AB68-C38FF21B5A9E}
		{92A7EEC5-9145-43ED-99D7-2A526B984942} = {E3861DB7-EE09-4D1B-AB68-C38FF21B5A9E}
		{09320431-ED21-4C74-AD3F-9F6EC1F0F0D5} = {9B7B872A-1A69-4571-8916-17000421915B}
		{80299C84-9193-4542-90AC-8DDBB6BBC57F} = {E3861DB7-EE09-4D1B-AB68-C38FF21B5A9E}
	EndGlobalSection
	GlobalSection(ExtensibilityGlobals) = postSolution
		SolutionGuid = {24302BC2-024A-4255-9E7E-87EBD043396E}
	EndGlobalSection
EndGlobal
